
Microsoft Visual Studio Solution File, Format Version 12.00
# Visual Studio Version 17
VisualStudioVersion = 17.3.32825.248
MinimumVisualStudioVersion = 10.0.40219.1
Project("{FAE04EC0-301F-11D3-BF4B-00C04F79EFBC}") = "JoePizzeria", "JoePizzeria\JoePizzeria.csproj", "{DACAF145-1B5C-42A4-816C-85A1230CA796}"
EndProject
Global
	GlobalSection(SolutionConfigurationPlatforms) = preSolution
		Debug|Any CPU = Debug|Any CPU
		Release|Any CPU = Release|Any CPU
	EndGlobalSection
	GlobalSection(ProjectConfigurationPlatforms) = postSolution
		{DACAF145-1B5C-42A4-816C-85A1230CA796}.Debug|Any CPU.ActiveCfg = Debug|Any CPU
		{DACAF145-1B5C-42A4-816C-85A1230CA796}.Debug|Any CPU.Build.0 = Debug|Any CPU
		{DACAF145-1B5C-42A4-816C-85A1230CA796}.Release|Any CPU.ActiveCfg = Release|Any CPU
		{DACAF145-1B5C-42A4-816C-85A1230CA796}.Release|Any CPU.Build.0 = Release|Any CPU
	EndGlobalSection
	GlobalSection(SolutionProperties) = preSolution
		HideSolutionNode = FALSE
	EndGlobalSection
	GlobalSection(ExtensibilityGlobals) = postSolution
		SolutionGuid = {17348C99-9BF6-4E58-AC0E-0A1AEC44AB84}
	EndGlobalSection
EndGlobal
